{
  "name": "echo_example",
  "version": "1.0.0",
  "lockfileVersion": 2,
  "requires": true,
  "packages": {
    "": {
      "name": "echo_example",
      "version": "1.0.0",
      "license": "ISC",
      "dependencies": {
        "go-pts-client": "^0.0.5"
      }
    },
    "node_modules/go-pts-client": {
      "version": "0.0.5",
      "resolved": "https://registry.npmjs.org/go-pts-client/-/go-pts-client-0.0.5.tgz",
      "integrity": "sha512-G8nNCNCWU3oMF1miAfQSfdjYtl3Qm4hThQVBWu+XGjX2CbHUK8l0KRjbwutExThR3OU4QatweKmQoq+YV2ZPRQ=="
    }
  },
  "dependencies": {
    "go-pts-client": {
      "version": "0.0.5",
      "resolved": "https://registry.npmjs.org/go-pts-client/-/go-pts-client-0.0.5.tgz",
      "integrity": "sha512-G8nNCNCWU3oMF1miAfQSfdjYtl3Qm4hThQVBWu+XGjX2CbHUK8l0KRjbwutExThR3OU4QatweKmQoq+YV2ZPRQ=="
    }
  }
}
